// !$*UTF8*$!
{
	archiveVersion = 1;
	classes = {
	};
	objectVersion = 77;
	objects = {

/* Begin PBXBuildFile section */
		AF94FC932E4F87F900DEB490 /* NetworkLayer in Frameworks */ = {isa = PBXBuildFile; productRef = AF94FC922E4F87F900DEB490 /* NetworkLayer */; };
		AF94FC962E4F885000DEB490 /* SDWebImageSwiftUI in Frameworks */ = {isa = PBXBuildFile; productRef = AF94FC952E4F885000DEB490 /* SDWebImageSwiftUI */; };
		AF94FC992E4F930F00DEB490 /* ThmanyahCoreAPI in Frameworks */ = {isa = PBXBuildFile; productRef = AF94FC982E4F930F00DEB490 /* ThmanyahCoreAPI */; };
		AFA9CD112E4F7B1800CFD679 /* SUIRouting in Frameworks */ = {isa = PBXBuildFile; productRef = AFA9CD102E4F7B1800CFD679 /* SUIRouting */; };
/* End PBXBuildFile section */

/* Begin PBXContainerItemProxy section */
		AFB1177D2E4F687900B997F0 /* PBXContainerItemProxy */ = {
			isa = PBXContainerItemProxy;
			containerPortal = AFB117672E4F687900B997F0 /* Project object */;
			proxyType = 1;
			remoteGlobalIDString = AFB1176E2E4F687900B997F0;
			remoteInfo = ThmanyahChallenges;
		};
		AFB117872E4F687900B997F0 /* PBXContainerItemProxy */ = {
			isa = PBXContainerItemProxy;
			containerPortal = AFB117672E4F687900B997F0 /* Project object */;
			proxyType = 1;
			remoteGlobalIDString = AFB1176E2E4F687900B997F0;
			remoteInfo = ThmanyahChallenges;
		};
/* End PBXContainerItemProxy section */

/* Begin PBXFileReference section */
		AFB1176F2E4F687900B997F0 /* ThmanyahChallenges.app */ = {isa = PBXFileReference; explicitFileType = wrapper.application; includeInIndex = 0; path = ThmanyahChallenges.app; sourceTree = BUILT_PRODUCTS_DIR; };
		AFB1177C2E4F687900B997F0 /* ThmanyahChallengesTests.xctest */ = {isa = PBXFileReference; explicitFileType = wrapper.cfbundle; includeInIndex = 0; path = ThmanyahChallengesTests.xctest; sourceTree = BUILT_PRODUCTS_DIR; };
		AFB117862E4F687900B997F0 /* ThmanyahChallengesUITests.xctest */ = {isa = PBXFileReference; explicitFileType = wrapper.cfbundle; includeInIndex = 0; path = ThmanyahChallengesUITests.xctest; sourceTree = BUILT_PRODUCTS_DIR; };
/* End PBXFileReference section */

/* Begin PBXFileSystemSynchronizedRootGroup section */
		AFB117712E4F687900B997F0 /* ThmanyahChallenges */ = {
			isa = PBXFileSystemSynchronizedRootGroup;
			path = ThmanyahChallenges;
			sourceTree = "<group>";
		};
		AFB1177F2E4F687900B997F0 /* ThmanyahChallengesTests */ = {
			isa = PBXFileSystemSynchronizedRootGroup;
			path = ThmanyahChallengesTests;
			sourceTree = "<group>";
		};
		AFB117892E4F687900B997F0 /* ThmanyahChallengesUITests */ = {
			isa = PBXFileSystemSynchronizedRootGroup;
			path = ThmanyahChallengesUITests;
			sourceTree = "<group>";
		};
/* End PBXFileSystemSynchronizedRootGroup section */

/* Begin PBXFrameworksBuildPhase section */
		AFB1176C2E4F687900B997F0 /* Frameworks */ = {
			isa = PBXFrameworksBuildPhase;
			buildActionMask = 2147483647;
			files = (
				AF94FC992E4F930F00DEB490 /* ThmanyahCoreAPI in Frameworks */,
				AF94FC962E4F885000DEB490 /* SDWebImageSwiftUI in Frameworks */,
				AFA9CD112E4F7B1800CFD679 /* SUIRouting in Frameworks */,
				AF94FC932E4F87F900DEB490 /* NetworkLayer in Frameworks */,
			);
			runOnlyForDeploymentPostprocessing = 0;
		};
		AFB117792E4F687900B997F0 /* Frameworks */ = {
			isa = PBXFrameworksBuildPhase;
			buildActionMask = 2147483647;
			files = (
			);
			runOnlyForDeploymentPostprocessing = 0;
		};
		AFB117832E4F687900B997F0 /* Frameworks */ = {
			isa = PBXFrameworksBuildPhase;
			buildActionMask = 2147483647;
			files = (
			);
			runOnlyForDeploymentPostprocessing = 0;
		};
/* End PBXFrameworksBuildPhase section */

/* Begin PBXGroup section */
		AFB117662E4F687900B997F0 = {
			isa = PBXGroup;
			children = (
				AFB117712E4F687900B997F0 /* ThmanyahChallenges */,
				AFB1177F2E4F687900B997F0 /* ThmanyahChallengesTests */,
				AFB117892E4F687900B997F0 /* ThmanyahChallengesUITests */,
				AFB117702E4F687900B997F0 /* Products */,
			);
			sourceTree = "<group>";
		};
		AFB117702E4F687900B997F0 /* Products */ = {
			isa = PBXGroup;
			children = (
				AFB1176F2E4F687900B997F0 /* ThmanyahChallenges.app */,
				AFB1177C2E4F687900B997F0 /* ThmanyahChallengesTests.xctest */,
				AFB117862E4F687900B997F0 /* ThmanyahChallengesUITests.xctest */,
			);
			name = Products;
			sourceTree = "<group>";
		};
/* End PBXGroup section */

/* Begin PBXNativeTarget section */
		AFB1176E2E4F687900B997F0 /* ThmanyahChallenges */ = {
			isa = PBXNativeTarget;
			buildConfigurationList = AFB117902E4F687900B997F0 /* Build configuration list for PBXNativeTarget "ThmanyahChallenges" */;
			buildPhases = (
				AFB1176B2E4F687900B997F0 /* Sources */,
				AFB1176C2E4F687900B997F0 /* Frameworks */,
				AFB1176D2E4F687900B997F0 /* Resources */,
			);
			buildRules = (
			);
			dependencies = (
			);
			fileSystemSynchronizedGroups = (
				AFB117712E4F687900B997F0 /* ThmanyahChallenges */,
			);
			name = ThmanyahChallenges;
			packageProductDependencies = (
				AFA9CD102E4F7B1800CFD679 /* SUIRouting */,
				AF94FC922E4F87F900DEB490 /* NetworkLayer */,
				AF94FC952E4F885000DEB490 /* SDWebImageSwiftUI */,
				AF94FC982E4F930F00DEB490 /* ThmanyahCoreAPI */,
			);
			productName = ThmanyahChallenges;
			productReference = AFB1176F2E4F687900B997F0 /* ThmanyahChallenges.app */;
			productType = "com.apple.product-type.application";
		};
		AFB1177B2E4F687900B997F0 /* ThmanyahChallengesTests */ = {
			isa = PBXNativeTarget;
			buildConfigurationList = AFB117932E4F687900B997F0 /* Build configuration list for PBXNativeTarget "ThmanyahChallengesTests" */;
			buildPhases = (
				AFB117782E4F687900B997F0 /* Sources */,
				AFB117792E4F687900B997F0 /* Frameworks */,
				AFB1177A2E4F687900B997F0 /* Resources */,
			);
			buildRules = (
			);
			dependencies = (
				AFB1177E2E4F687900B997F0 /* PBXTargetDependency */,
			);
			fileSystemSynchronizedGroups = (
				AFB1177F2E4F687900B997F0 /* ThmanyahChallengesTests */,
			);
			name = ThmanyahChallengesTests;
			packageProductDependencies = (
			);
			productName = ThmanyahChallengesTests;
			productReference = AFB1177C2E4F687900B997F0 /* ThmanyahChallengesTests.xctest */;
			productType = "com.apple.product-type.bundle.unit-test";
		};
		AFB117852E4F687900B997F0 /* ThmanyahChallengesUITests */ = {
			isa = PBXNativeTarget;
			buildConfigurationList = AFB117962E4F687900B997F0 /* Build configuration list for PBXNativeTarget "ThmanyahChallengesUITests" */;
			buildPhases = (
				AFB117822E4F687900B997F0 /* Sources */,
				AFB117832E4F687900B997F0 /* Frameworks */,
				AFB117842E4F687900B997F0 /* Resources */,
			);
			buildRules = (
			);
			dependencies = (
				AFB117882E4F687900B997F0 /* PBXTargetDependency */,
			);
			fileSystemSynchronizedGroups = (
				AFB117892E4F687900B997F0 /* ThmanyahChallengesUITests */,
			);
			name = ThmanyahChallengesUITests;
			packageProductDependencies = (
			);
			productName = ThmanyahChallengesUITests;
			productReference = AFB117862E4F687900B997F0 /* ThmanyahChallengesUITests.xctest */;
			productType = "com.apple.product-type.bundle.ui-testing";
		};
/* End PBXNativeTarget section */

/* Begin PBXProject section */
		AFB117672E4F687900B997F0 /* Project object */ = {
			isa = PBXProject;
			attributes = {
				BuildIndependentTargetsInParallel = 1;
				LastSwiftUpdateCheck = 1640;
				LastUpgradeCheck = 1640;
				TargetAttributes = {
					AFB1176E2E4F687900B997F0 = {
						CreatedOnToolsVersion = 16.4;
					};
					AFB1177B2E4F687900B997F0 = {
						CreatedOnToolsVersion = 16.4;
						TestTargetID = AFB1176E2E4F687900B997F0;
					};
					AFB117852E4F687900B997F0 = {
						CreatedOnToolsVersion = 16.4;
						TestTargetID = AFB1176E2E4F687900B997F0;
					};
				};
			};
			buildConfigurationList = AFB1176A2E4F687900B997F0 /* Build configuration list for PBXProject "ThmanyahChallenges" */;
			developmentRegion = en;
			hasScannedForEncodings = 0;
			knownRegions = (
				en,
				Base,
			);
			mainGroup = AFB117662E4F687900B997F0;
			minimizedProjectReferenceProxies = 1;
			packageReferences = (
				AFA9CD0F2E4F7B1800CFD679 /* XCRemoteSwiftPackageReference "SUIRouting" */,
				AF94FC912E4F87F900DEB490 /* XCRemoteSwiftPackageReference "NetworkLayer" */,
				AF94FC942E4F885000DEB490 /* XCRemoteSwiftPackageReference "SDWebImageSwiftUI" */,
				AF94FC972E4F930F00DEB490 /* XCRemoteSwiftPackageReference "ThmanyahCoreAPI" */,
			);
			preferredProjectObjectVersion = 77;
			productRefGroup = AFB117702E4F687900B997F0 /* Products */;
			projectDirPath = "";
			projectRoot = "";
			targets = (
				AFB1176E2E4F687900B997F0 /* ThmanyahChallenges */,
				AFB1177B2E4F687900B997F0 /* ThmanyahChallengesTests */,
				AFB117852E4F687900B997F0 /* ThmanyahChallengesUITests */,
			);
		};
/* End PBXProject section */

/* Begin PBXResourcesBuildPhase section */
		AFB1176D2E4F687900B997F0 /* Resources */ = {
			isa = PBXResourcesBuildPhase;
			buildActionMask = 2147483647;
			files = (
			);
			runOnlyForDeploymentPostprocessing = 0;
		};
		AFB1177A2E4F687900B997F0 /* Resources */ = {
			isa = PBXResourcesBuildPhase;
			buildActionMask = 2147483647;
			files = (
			);
			runOnlyForDeploymentPostprocessing = 0;
		};
		AFB117842E4F687900B997F0 /* Resources */ = {
			isa = PBXResourcesBuildPhase;
			buildActionMask = 2147483647;
			files = (
			);
			runOnlyForDeploymentPostprocessing = 0;
		};
/* End PBXResourcesBuildPhase section */

/* Begin PBXSourcesBuildPhase section */
		AFB1176B2E4F687900B997F0 /* Sources */ = {
			isa = PBXSourcesBuildPhase;
			buildActionMask = 2147483647;
			files = (
			);
			runOnlyForDeploymentPostprocessing = 0;
		};
		AFB117782E4F687900B997F0 /* Sources */ = {
			isa = PBXSourcesBuildPhase;
			buildActionMask = 2147483647;
			files = (
			);
			runOnlyForDeploymentPostprocessing = 0;
		};
		AFB117822E4F687900B997F0 /* Sources */ = {
			isa = PBXSourcesBuildPhase;
			buildActionMask = 2147483647;
			files = (
			);
			runOnlyForDeploymentPostprocessing = 0;
		};
/* End PBXSourcesBuildPhase section */

/* Begin PBXTargetDependency section */
		AFB1177E2E4F687900B997F0 /* PBXTargetDependency */ = {
			isa = PBXTargetDependency;
			target = AFB1176E2E4F687900B997F0 /* ThmanyahChallenges */;
			targetProxy = AFB1177D2E4F687900B997F0 /* PBXContainerItemProxy */;
		};
		AFB117882E4F687900B997F0 /* PBXTargetDependency */ = {
			isa = PBXTargetDependency;
			target = AFB1176E2E4F687900B997F0 /* ThmanyahChallenges */;
			targetProxy = AFB117872E4F687900B997F0 /* PBXContainerItemProxy */;
		};
/* End PBXTargetDependency section */

/* Begin XCBuildConfiguration section */
		AFB1178E2E4F687900B997F0 /* Debug */ = {
			isa = XCBuildConfiguration;
			buildSettings = {
				ALWAYS_SEARCH_USER_PATHS = NO;
				ASSETCATALOG_COMPILER_GENERATE_SWIFT_ASSET_SYMBOL_EXTENSIONS = YES;
				CLANG_ANALYZER_NONNULL = YES;
				CLANG_ANALYZER_NUMBER_OBJECT_CONVERSION = YES_AGGRESSIVE;
				CLANG_CXX_LANGUAGE_STANDARD = "gnu++20";
				CLANG_ENABLE_MODULES = YES;
				CLANG_ENABLE_OBJC_ARC = YES;
				CLANG_ENABLE_OBJC_WEAK = YES;
				CLANG_WARN_BLOCK_CAPTURE_AUTORELEASING = YES;
				CLANG_WARN_BOOL_CONVERSION = YES;
				CLANG_WARN_COMMA = YES;
				CLANG_WARN_CONSTANT_CONVERSION = YES;
				CLANG_WARN_DEPRECATED_OBJC_IMPLEMENTATIONS = YES;
				CLANG_WARN_DIRECT_OBJC_ISA_USAGE = YES_ERROR;
				CLANG_WARN_DOCUMENTATION_COMMENTS = YES;
				CLANG_WARN_EMPTY_BODY = YES;
				CLANG_WARN_ENUM_CONVERSION = YES;
				CLANG_WARN_INFINITE_RECURSION = YES;
				CLANG_WARN_INT_CONVERSION = YES;
				CLANG_WARN_NON_LITERAL_NULL_CONVERSION = YES;
				CLANG_WARN_OBJC_IMPLICIT_RETAIN_SELF = YES;
				CLANG_WARN_OBJC_LITERAL_CONVERSION = YES;
				CLANG_WARN_OBJC_ROOT_CLASS = YES_ERROR;
				CLANG_WARN_QUOTED_INCLUDE_IN_FRAMEWORK_HEADER = YES;
				CLANG_WARN_RANGE_LOOP_ANALYSIS = YES;
				CLANG_WARN_STRICT_PROTOTYPES = YES;
				CLANG_WARN_SUSPICIOUS_MOVE = YES;
				CLANG_WARN_UNGUARDED_AVAILABILITY = YES_AGGRESSIVE;
				CLANG_WARN_UNREACHABLE_CODE = YES;
				CLANG_WARN__DUPLICATE_METHOD_MATCH = YES;
				COPY_PHASE_STRIP = NO;
				DEBUG_INFORMATION_FORMAT = dwarf;
				DEVELOPMENT_TEAM = KM569NM77P;
				ENABLE_STRICT_OBJC_MSGSEND = YES;
				ENABLE_TESTABILITY = YES;
				ENABLE_USER_SCRIPT_SANDBOXING = YES;
				GCC_C_LANGUAGE_STANDARD = gnu17;
				GCC_DYNAMIC_NO_PIC = NO;
				GCC_NO_COMMON_BLOCKS = YES;
				GCC_OPTIMIZATION_LEVEL = 0;
				GCC_PREPROCESSOR_DEFINITIONS = (
					"DEBUG=1",
					"$(inherited)",
				);
				GCC_WARN_64_TO_32_BIT_CONVERSION = YES;
				GCC_WARN_ABOUT_RETURN_TYPE = YES_ERROR;
				GCC_WARN_UNDECLARED_SELECTOR = YES;
				GCC_WARN_UNINITIALIZED_AUTOS = YES_AGGRESSIVE;
				GCC_WARN_UNUSED_FUNCTION = YES;
				GCC_WARN_UNUSED_VARIABLE = YES;
				IPHONEOS_DEPLOYMENT_TARGET = 18.5;
				LOCALIZATION_PREFERS_STRING_CATALOGS = YES;
				MTL_ENABLE_DEBUG_INFO = INCLUDE_SOURCE;
				MTL_FAST_MATH = YES;
				ONLY_ACTIVE_ARCH = YES;
				SDKROOT = iphoneos;
				SWIFT_ACTIVE_COMPILATION_CONDITIONS = "DEBUG $(inherited)";
				SWIFT_OPTIMIZATION_LEVEL = "-Onone";
			};
			name = Debug;
		};
		AFB1178F2E4F687900B997F0 /* Release */ = {
			isa = XCBuildConfiguration;
			buildSettings = {
				ALWAYS_SEARCH_USER_PATHS = NO;
				ASSETCATALOG_COMPILER_GENERATE_SWIFT_ASSET_SYMBOL_EXTENSIONS = YES;
				CLANG_ANALYZER_NONNULL = YES;
				CLANG_ANALYZER_NUMBER_OBJECT_CONVERSION = YES_AGGRESSIVE;
				CLANG_CXX_LANGUAGE_STANDARD = "gnu++20";
				CLANG_ENABLE_MODULES = YES;
				CLANG_ENABLE_OBJC_ARC = YES;
				CLANG_ENABLE_OBJC_WEAK = YES;
				CLANG_WARN_BLOCK_CAPTURE_AUTORELEASING = YES;
				CLANG_WARN_BOOL_CONVERSION = YES;
				CLANG_WARN_COMMA = YES;
				CLANG_WARN_CONSTANT_CONVERSION = YES;
				CLANG_WARN_DEPRECATED_OBJC_IMPLEMENTATIONS = YES;
				CLANG_WARN_DIRECT_OBJC_ISA_USAGE = YES_ERROR;
				CLANG_WARN_DOCUMENTATION_COMMENTS = YES;
				CLANG_WARN_EMPTY_BODY = YES;
				CLANG_WARN_ENUM_CONVERSION = YES;
				CLANG_WARN_INFINITE_RECURSION = YES;
				CLANG_WARN_INT_CONVERSION = YES;
				CLANG_WARN_NON_LITERAL_NULL_CONVERSION = YES;
				CLANG_WARN_OBJC_IMPLICIT_RETAIN_SELF = YES;
				CLANG_WARN_OBJC_LITERAL_CONVERSION = YES;
				CLANG_WARN_OBJC_ROOT_CLASS = YES_ERROR;
				CLANG_WARN_QUOTED_INCLUDE_IN_FRAMEWORK_HEADER = YES;
				CLANG_WARN_RANGE_LOOP_ANALYSIS = YES;
				CLANG_WARN_STRICT_PROTOTYPES = YES;
				CLANG_WARN_SUSPICIOUS_MOVE = YES;
				CLANG_WARN_UNGUARDED_AVAILABILITY = YES_AGGRESSIVE;
				CLANG_WARN_UNREACHABLE_CODE = YES;
				CLANG_WARN__DUPLICATE_METHOD_MATCH = YES;
				COPY_PHASE_STRIP = NO;
				DEBUG_INFORMATION_FORMAT = "dwarf-with-dsym";
				DEVELOPMENT_TEAM = KM569NM77P;
				ENABLE_NS_ASSERTIONS = NO;
				ENABLE_STRICT_OBJC_MSGSEND = YES;
				ENABLE_USER_SCRIPT_SANDBOXING = YES;
				GCC_C_LANGUAGE_STANDARD = gnu17;
				GCC_NO_COMMON_BLOCKS = YES;
				GCC_WARN_64_TO_32_BIT_CONVERSION = YES;
				GCC_WARN_ABOUT_RETURN_TYPE = YES_ERROR;
				GCC_WARN_UNDECLARED_SELECTOR = YES;
				GCC_WARN_UNINITIALIZED_AUTOS = YES_AGGRESSIVE;
				GCC_WARN_UNUSED_FUNCTION = YES;
				GCC_WARN_UNUSED_VARIABLE = YES;
				IPHONEOS_DEPLOYMENT_TARGET = 18.5;
				LOCALIZATION_PREFERS_STRING_CATALOGS = YES;
				MTL_ENABLE_DEBUG_INFO = NO;
				MTL_FAST_MATH = YES;
				SDKROOT = iphoneos;
				SWIFT_COMPILATION_MODE = wholemodule;
				VALIDATE_PRODUCT = YES;
			};
			name = Release;
		};
		AFB117912E4F687900B997F0 /* Debug */ = {
			isa = XCBuildConfiguration;
			buildSettings = {
				ASSETCATALOG_COMPILER_APPICON_NAME = AppIcon;
				ASSETCATALOG_COMPILER_GLOBAL_ACCENT_COLOR_NAME = AccentColor;
				CODE_SIGN_STYLE = Automatic;
				CURRENT_PROJECT_VERSION = 1;
				DEVELOPMENT_TEAM = KM569NM77P;
				ENABLE_PREVIEWS = YES;
				GENERATE_INFOPLIST_FILE = YES;
				INFOPLIST_KEY_UIApplicationSceneManifest_Generation = YES;
				INFOPLIST_KEY_UIApplicationSupportsIndirectInputEvents = YES;
				INFOPLIST_KEY_UILaunchScreen_Generation = YES;
				INFOPLIST_KEY_UISupportedInterfaceOrientations_iPad = "UIInterfaceOrientationPortrait UIInterfaceOrientationPortraitUpsideDown UIInterfaceOrientationLandscapeLeft UIInterfaceOrientationLandscapeRight";
				INFOPLIST_KEY_UISupportedInterfaceOrientations_iPhone = "UIInterfaceOrientationPortrait UIInterfaceOrientationLandscapeLeft UIInterfaceOrientationLandscapeRight";
				LD_RUNPATH_SEARCH_PATHS = (
					"$(inherited)",
					"@executable_path/Frameworks",
				);
				MARKETING_VERSION = 1.0;
				PRODUCT_BUNDLE_IDENTIFIER = com.SamuraiStudios.ThmanyahChallenges;
				PRODUCT_NAME = "$(TARGET_NAME)";
				SWIFT_EMIT_LOC_STRINGS = YES;
				SWIFT_VERSION = 5.0;
				TARGETED_DEVICE_FAMILY = "1,2";
			};
			name = Debug;
		};
		AFB117922E4F687900B997F0 /* Release */ = {
			isa = XCBuildConfiguration;
			buildSettings = {
				ASSETCATALOG_COMPILER_APPICON_NAME = AppIcon;
				ASSETCATALOG_COMPILER_GLOBAL_ACCENT_COLOR_NAME = AccentColor;
				CODE_SIGN_STYLE = Automatic;
				CURRENT_PROJECT_VERSION = 1;
				DEVELOPMENT_TEAM = KM569NM77P;
				ENABLE_PREVIEWS = YES;
				GENERATE_INFOPLIST_FILE = YES;
				INFOPLIST_KEY_UIApplicationSceneManifest_Generation = YES;
				INFOPLIST_KEY_UIApplicationSupportsIndirectInputEvents = YES;
				INFOPLIST_KEY_UILaunchScreen_Generation = YES;
				INFOPLIST_KEY_UISupportedInterfaceOrientations_iPad = "UIInterfaceOrientationPortrait UIInterfaceOrientationPortraitUpsideDown UIInterfaceOrientationLandscapeLeft UIInterfaceOrientationLandscapeRight";
				INFOPLIST_KEY_UISupportedInterfaceOrientations_iPhone = "UIInterfaceOrientationPortrait UIInterfaceOrientationLandscapeLeft UIInterfaceOrientationLandscapeRight";
				LD_RUNPATH_SEARCH_PATHS = (
					"$(inherited)",
					"@executable_path/Frameworks",
				);
				MARKETING_VERSION = 1.0;
				PRODUCT_BUNDLE_IDENTIFIER = com.SamuraiStudios.ThmanyahChallenges;
				PRODUCT_NAME = "$(TARGET_NAME)";
				SWIFT_EMIT_LOC_STRINGS = YES;
				SWIFT_VERSION = 5.0;
				TARGETED_DEVICE_FAMILY = "1,2";
			};
			name = Release;
		};
		AFB117942E4F687900B997F0 /* Debug */ = {
			isa = XCBuildConfiguration;
			buildSettings = {
				BUNDLE_LOADER = "$(TEST_HOST)";
				CODE_SIGN_STYLE = Automatic;
				CURRENT_PROJECT_VERSION = 1;
				DEVELOPMENT_TEAM = KM569NM77P;
				GENERATE_INFOPLIST_FILE = YES;
				IPHONEOS_DEPLOYMENT_TARGET = 18.5;
				MARKETING_VERSION = 1.0;
				PRODUCT_BUNDLE_IDENTIFIER = "com.-SamuraiStudios.ThmanyahChallengesTests";
				PRODUCT_NAME = "$(TARGET_NAME)";
				SWIFT_EMIT_LOC_STRINGS = NO;
				SWIFT_VERSION = 5.0;
				TARGETED_DEVICE_FAMILY = "1,2";
				TEST_HOST = "$(BUILT_PRODUCTS_DIR)/ThmanyahChallenges.app/$(BUNDLE_EXECUTABLE_FOLDER_PATH)/ThmanyahChallenges";
			};
			name = Debug;
		};
		AFB117952E4F687900B997F0 /* Release */ = {
			isa = XCBuildConfiguration;
			buildSettings = {
				BUNDLE_LOADER = "$(TEST_HOST)";
				CODE_SIGN_STYLE = Automatic;
				CURRENT_PROJECT_VERSION = 1;
				DEVELOPMENT_TEAM = KM569NM77P;
				GENERATE_INFOPLIST_FILE = YES;
				IPHONEOS_DEPLOYMENT_TARGET = 18.5;
				MARKETING_VERSION = 1.0;
				PRODUCT_BUNDLE_IDENTIFIER = "com.-SamuraiStudios.ThmanyahChallengesTests";
				PRODUCT_NAME = "$(TARGET_NAME)";
				SWIFT_EMIT_LOC_STRINGS = NO;
				SWIFT_VERSION = 5.0;
				TARGETED_DEVICE_FAMILY = "1,2";
				TEST_HOST = "$(BUILT_PRODUCTS_DIR)/ThmanyahChallenges.app/$(BUNDLE_EXECUTABLE_FOLDER_PATH)/ThmanyahChallenges";
			};
			name = Release;
		};
		AFB117972E4F687900B997F0 /* Debug */ = {
			isa = XCBuildConfiguration;
			buildSettings = {
				CODE_SIGN_STYLE = Automatic;
				CURRENT_PROJECT_VERSION = 1;
				DEVELOPMENT_TEAM = KM569NM77P;
				GENERATE_INFOPLIST_FILE = YES;
				MARKETING_VERSION = 1.0;
				PRODUCT_BUNDLE_IDENTIFIER = "com.-SamuraiStudios.ThmanyahChallengesUITests";
				PRODUCT_NAME = "$(TARGET_NAME)";
				SWIFT_EMIT_LOC_STRINGS = NO;
				SWIFT_VERSION = 5.0;
				TARGETED_DEVICE_FAMILY = "1,2";
				TEST_TARGET_NAME = ThmanyahChallenges;
			};
			name = Debug;
		};
		AFB117982E4F687900B997F0 /* Release */ = {
			isa = XCBuildConfiguration;
			buildSettings = {
				CODE_SIGN_STYLE = Automatic;
				CURRENT_PROJECT_VERSION = 1;
				DEVELOPMENT_TEAM = KM569NM77P;
				GENERATE_INFOPLIST_FILE = YES;
				MARKETING_VERSION = 1.0;
				PRODUCT_BUNDLE_IDENTIFIER = "com.-SamuraiStudios.ThmanyahChallengesUITests";
				PRODUCT_NAME = "$(TARGET_NAME)";
				SWIFT_EMIT_LOC_STRINGS = NO;
				SWIFT_VERSION = 5.0;
				TARGETED_DEVICE_FAMILY = "1,2";
				TEST_TARGET_NAME = ThmanyahChallenges;
			};
			name = Release;
		};
/* End XCBuildConfiguration section */

/* Begin XCConfigurationList section */
		AFB1176A2E4F687900B997F0 /* Build configuration list for PBXProject "ThmanyahChallenges" */ = {
			isa = XCConfigurationList;
			buildConfigurations = (
				AFB1178E2E4F687900B997F0 /* Debug */,
				AFB1178F2E4F687900B997F0 /* Release */,
			);
			defaultConfigurationIsVisible = 0;
			defaultConfigurationName = Release;
		};
		AFB117902E4F687900B997F0 /* Build configuration list for PBXNativeTarget "ThmanyahChallenges" */ = {
			isa = XCConfigurationList;
			buildConfigurations = (
				AFB117912E4F687900B997F0 /* Debug */,
				AFB117922E4F687900B997F0 /* Release */,
			);
			defaultConfigurationIsVisible = 0;
			defaultConfigurationName = Release;
		};
		AFB117932E4F687900B997F0 /* Build configuration list for PBXNativeTarget "ThmanyahChallengesTests" */ = {
			isa = XCConfigurationList;
			buildConfigurations = (
				AFB117942E4F687900B997F0 /* Debug */,
				AFB117952E4F687900B997F0 /* Release */,
			);
			defaultConfigurationIsVisible = 0;
			defaultConfigurationName = Release;
		};
		AFB117962E4F687900B997F0 /* Build configuration list for PBXNativeTarget "ThmanyahChallengesUITests" */ = {
			isa = XCConfigurationList;
			buildConfigurations = (
				AFB117972E4F687900B997F0 /* Debug */,
				AFB117982E4F687900B997F0 /* Release */,
			);
			defaultConfigurationIsVisible = 0;
			defaultConfigurationName = Release;
		};
/* End XCConfigurationList section */

/* Begin XCRemoteSwiftPackageReference section */
		AF94FC912E4F87F900DEB490 /* XCRemoteSwiftPackageReference "NetworkLayer" */ = {
			isa = XCRemoteSwiftPackageReference;
			repositoryURL = "https://github.com/obadasemary/NetworkLayer.git";
			requirement = {
				kind = upToNextMajorVersion;
				minimumVersion = 1.0.6;
			};
		};
		AF94FC942E4F885000DEB490 /* XCRemoteSwiftPackageReference "SDWebImageSwiftUI" */ = {
			isa = XCRemoteSwiftPackageReference;
			repositoryURL = "https://github.com/SDWebImage/SDWebImageSwiftUI";
			requirement = {
				kind = upToNextMajorVersion;
				minimumVersion = 3.1.3;
			};
		};
		AF94FC972E4F930F00DEB490 /* XCRemoteSwiftPackageReference "ThmanyahCoreAPI" */ = {
			isa = XCRemoteSwiftPackageReference;
			repositoryURL = "https://github.com/obadasemary/ThmanyahCoreAPI";
			requirement = {
				kind = upToNextMajorVersion;
				minimumVersion = 1.0.0;
			};
		};
		AFA9CD0F2E4F7B1800CFD679 /* XCRemoteSwiftPackageReference "SUIRouting" */ = {
			isa = XCRemoteSwiftPackageReference;
			repositoryURL = "https://github.com/obadasemary/SUIRouting.git";
			requirement = {
				kind = upToNextMajorVersion;
				minimumVersion = 1.0.1;
			};
		};
/* End XCRemoteSwiftPackageReference section */

/* Begin XCSwiftPackageProductDependency section */
		AF94FC922E4F87F900DEB490 /* NetworkLayer */ = {
			isa = XCSwiftPackageProductDependency;
			package = AF94FC912E4F87F900DEB490 /* XCRemoteSwiftPackageReference "NetworkLayer" */;
			productName = NetworkLayer;
		};
		AF94FC952E4F885000DEB490 /* SDWebImageSwiftUI */ = {
			isa = XCSwiftPackageProductDependency;
			package = AF94FC942E4F885000DEB490 /* XCRemoteSwiftPackageReference "SDWebImageSwiftUI" */;
			productName = SDWebImageSwiftUI;
		};
		AF94FC982E4F930F00DEB490 /* ThmanyahCoreAPI */ = {
			isa = XCSwiftPackageProductDependency;
			package = AF94FC972E4F930F00DEB490 /* XCRemoteSwiftPackageReference "ThmanyahCoreAPI" */;
			productName = ThmanyahCoreAPI;
		};
		AFA9CD102E4F7B1800CFD679 /* SUIRouting */ = {
			isa = XCSwiftPackageProductDependency;
			package = AFA9CD0F2E4F7B1800CFD679 /* XCRemoteSwiftPackageReference "SUIRouting" */;
			productName = SUIRouting;
		};
/* End XCSwiftPackageProductDependency section */
	};
	rootObject = AFB117672E4F687900B997F0 /* Project object */;
}
