{
  "originHash" : "14da22be713ef259cd2108218150adddd433f321ef3469b56b961ef6cedbbcb3",
  "pins" : [
    {
      "identity" : "sdwebimage",
      "kind" : "remoteSourceControl",
      "location" : "https://github.com/SDWebImage/SDWebImage.git",
      "state" : {
        "revision" : "b62cb63bf4ed1f04c961a56c9c6c9d5ab8524ec6",
        "version" : "5.21.1"
      }
    },
    {
      "identity" : "sdwebimageswiftui",
      "kind" : "remoteSourceControl",
      "location" : "https://github.com/SDWebImage/SDWebImageSwiftUI",
      "state" : {
        "revision" : "451c6dfd5ecec2cf626d1d9ca81c2d4a60355172",
        "version" : "3.1.3"
      }
    },
    {
      "identity" : "suirouting",
      "kind" : "remoteSourceControl",
      "location" : "https://github.com/obadasemary/SUIRouting.git",
      "state" : {
        "revision" : "d9ca0e7fad40aa875ec72104a4af80f3655dfe9d",
        "version" : "1.0.6"
      }
    }
  ],
  "version" : 3
}
